<Solution>
  <Project Path="Masterwork.App/Masterwork.App.csproj" />
  <Project Path="Masterwork.App.Shared/Masterwork.App.Shared.csproj" />
  <Project Path="Masterwork.App.Web/Masterwork.App.Web.csproj" />
  <Project Path="Masterwork.App.Web.Client/Masterwork.App.Web.Client.csproj" />
  <Project Path="Masterwork.Editor/Masterwork.Editor.csproj" />
  <Project Path="Masterwork.Engine/Masterwork.Engine.csproj" />
  <Project Path="Masterwork.Extractor/Masterwork.Extractor.csproj" />
  <Project Path="Masterwork.ModuleFormat/Masterwork.ModuleFormat.csproj" />
  <Project Path="Masterwork.ModulePacker/Masterwork.ModulePacker.csproj" />
  <Project Path="Masterwork.Tests/Masterwork.Tests.csproj" />
</Solution>
